
Microsoft Visual Studio Solution File, Format Version 12.00
# Visual Studio Version 16
VisualStudioVersion = 16.0.31410.357
MinimumVisualStudioVersion = 10.0.40219.1
Project("{FAE04EC0-301F-11D3-BF4B-00C04F79EFBC}") = "WinFormsApp2", "WinFormsApp2\WinFormsApp2.csproj", "{8F5EC4BF-2CBE-4BB1-ADA9-83E2B2BE6BFB}"
EndProject
Global
	GlobalSection(SolutionConfigurationPlatforms) = preSolution
		Debug|Any CPU = Debug|Any CPU
		Release|Any CPU = Release|Any CPU
	EndGlobalSection
	GlobalSection(ProjectConfigurationPlatforms) = postSolution
		{8F5EC4BF-2CBE-4BB1-ADA9-83E2B2BE6BFB}.Debug|Any CPU.ActiveCfg = Debug|Any CPU
		{8F5EC4BF-2CBE-4BB1-ADA9-83E2B2BE6BFB}.Debug|Any CPU.Build.0 = Debug|Any CPU
		{8F5EC4BF-2CBE-4BB1-ADA9-83E2B2BE6BFB}.Release|Any CPU.ActiveCfg = Release|Any CPU
		{8F5EC4BF-2CBE-4BB1-ADA9-83E2B2BE6BFB}.Release|Any CPU.Build.0 = Release|Any CPU
	EndGlobalSection
	GlobalSection(SolutionProperties) = preSolution
		HideSolutionNode = FALSE
	EndGlobalSection
	GlobalSection(ExtensibilityGlobals) = postSolution
		SolutionGuid = {CD3D5B8C-7121-40E5-88FE-6BD6AE2DEFE4}
	EndGlobalSection
EndGlobal
